# @generated by Move, please check-in and do not edit manually.

[move]
version = 3
manifest_digest = "95FF0AC8FB96ECC762845C506E946B5346DA1E919E65571F04E7D27728323A14"
deps_digest = "F8BBB0CCB2491CA29A3DF03D6F92277A4F3574266507ACD77214D37ECA3F3082"
dependencies = [
  { id = "Sui", name = "Sui" },
]

[[move.package]]
id = "MoveStdlib"
source = { git = "https://github.com/MystenLabs/sui.git", rev = "framework/testnet", subdir = "crates/sui-framework/packages/move-stdlib" }

[[move.package]]
id = "Sui"
source = { git = "https://github.com/MystenLabs/sui.git", rev = "framework/testnet", subdir = "crates/sui-framework/packages/sui-framework" }

dependencies = [
  { id = "MoveStdlib", name = "MoveStdlib" },
]

[move.toolchain-version]
compiler-version = "1.39.1"
edition = "2024.beta"
flavor = "sui"

[env]

[env.testnet]
chain-id = "4c78adac"
original-published-id = "0x35765437398b7abe1ec417d2d38a7901c9765afe8b4fed863aee098ff5bac523"
latest-published-id = "0x35765437398b7abe1ec417d2d38a7901c9765afe8b4fed863aee098ff5bac523"
published-version = "1"
